<?xml version="1.0" encoding="utf-8"?>
<Project ToolsVersion="4.0" xmlns="http://schemas.microsoft.com/developer/msbuild/2003">
  <ItemGroup>
    <Filter Include="Source Files">
      <UniqueIdentifier>{4FC737F1-C7A5-4376-A066-2A32D752A2FF}</UniqueIdentifier>
      <Extensions>cpp;c;cc;cxx;def;odl;idl;hpj;bat;asm;asmx</Extensions>
    </Filter>
    <Filter Include="Resource Files">
      <UniqueIdentifier>{67DA6AB6-F800-4c08-8B7A-83BB121AAD01}</UniqueIdentifier>
      <Extensions>rc;ico;cur;bmp;dlg;rc2;rct;bin;rgs;gif;jpg;jpeg;jpe;resx;tiff;tif;png;wav;mfcribbon-ms</Extensions>
    </Filter>
    <Filter Include="Source Files\Vendor">
      <UniqueIdentifier>{0fdf4172-63b9-4ac8-9a4f-54c42e450064}</UniqueIdentifier>
    </Filter>
    <Filter Include="Source Files\Headers">
      <UniqueIdentifier>{5855d2bb-2e03-4559-ab43-28e47dfc251b}</UniqueIdentifier>
    </Filter>
    <Filter Include="Source Files\Sources">
      <UniqueIdentifier>{2fbdc465-1b5f-43a7-b10c-2520dafa0cf8}</UniqueIdentifier>
    </Filter>
    <Filter Include="Resource Files\Object shaders">
      <UniqueIdentifier>{9a9c9cff-e5c0-4840-8f12-acedd954ff95}</UniqueIdentifier>
    </Filter>
    <Filter Include="Resource Files\Shadow shaders">
      <UniqueIdentifier>{4c3d92b4-e4d9-4129-b6e0-b6941e40f811}</UniqueIdentifier>
    </Filter>
    <Filter Include="Resource Files\Textures">
      <UniqueIdentifier>{aaca78b8-f4e4-420a-861d-683afb067b22}</UniqueIdentifier>
    </Filter>
  </ItemGroup>
  <ItemGroup>
    <ClCompile Include="vendor\stb_image.cpp">
      <Filter>Source Files\Vendor</Filter>
    </ClCompile>
    <ClCompile Include="Source.cpp">
      <Filter>Source Files</Filter>
    </ClCompile>
    <ClCompile Include="UniformBuffer.cpp">
      <Filter>Source Files\Sources</Filter>
    </ClCompile>
    <ClCompile Include="Texture.cpp">
      <Filter>Source Files\Sources</Filter>
    </ClCompile>
    <ClCompile Include="Program.cpp">
      <Filter>Source Files\Sources</Filter>
    </ClCompile>
    <ClCompile Include="VertexBuffer.cpp">
      <Filter>Source Files\Sources</Filter>
    </ClCompile>
    <ClCompile Include="IndexBuffer.cpp">
      <Filter>Source Files\Sources</Filter>
    </ClCompile>
    <ClCompile Include="VertexArray.cpp">
      <Filter>Source Files\Sources</Filter>
    </ClCompile>
    <ClCompile Include="Renderer.cpp">
      <Filter>Source Files\Sources</Filter>
    </ClCompile>
    <ClCompile Include="Model.cpp">
      <Filter>Source Files\Sources</Filter>
    </ClCompile>
    <ClCompile Include="Camera.cpp">
      <Filter>Source Files\Sources</Filter>
    </ClCompile>
    <ClCompile Include="Buffer.cpp">
      <Filter>Source Files\Sources</Filter>
    </ClCompile>
    <ClCompile Include="Framebuffer.cpp">
      <Filter>Source Files\Sources</Filter>
    </ClCompile>
  </ItemGroup>
  <ItemGroup>
    <ClInclude Include="vendor\stb_image.h">
      <Filter>Source Files\Vendor</Filter>
    </ClInclude>
    <ClInclude Include="Input.h">
      <Filter>Source Files\Headers</Filter>
    </ClInclude>
    <ClInclude Include="Model.h">
      <Filter>Source Files\Headers</Filter>
    </ClInclude>
    <ClInclude Include="IndexBuffer.h">
      <Filter>Source Files\Headers</Filter>
    </ClInclude>
    <ClInclude Include="Renderer.h">
      <Filter>Source Files\Headers</Filter>
    </ClInclude>
    <ClInclude Include="Texture.h">
      <Filter>Source Files\Headers</Filter>
    </ClInclude>
    <ClInclude Include="VertexArray.h">
      <Filter>Source Files\Headers</Filter>
    </ClInclude>
    <ClInclude Include="VertexBuffer.h">
      <Filter>Source Files\Headers</Filter>
    </ClInclude>
    <ClInclude Include="VertexBufferLayout.h">
      <Filter>Source Files\Headers</Filter>
    </ClInclude>
    <ClInclude Include="Application.h">
      <Filter>Source Files</Filter>
    </ClInclude>
    <ClInclude Include="Camera.h">
      <Filter>Source Files\Headers</Filter>
    </ClInclude>
    <ClInclude Include="gtype.h">
      <Filter>Source Files\Headers</Filter>
    </ClInclude>
    <ClInclude Include="UniformBuffer.h">
      <Filter>Source Files\Headers</Filter>
    </ClInclude>
    <ClInclude Include="UniformBufferLayout.h">
      <Filter>Source Files\Headers</Filter>
    </ClInclude>
    <ClInclude Include="Program.h">
      <Filter>Source Files\Headers</Filter>
    </ClInclude>
    <ClInclude Include="Buffer.h">
      <Filter>Source Files\Headers</Filter>
    </ClInclude>
    <ClInclude Include="Framebuffer.h">
      <Filter>Source Files\Headers</Filter>
    </ClInclude>
  </ItemGroup>
  <ItemGroup>
    <Image Include="resources\textures\spc.png">
      <Filter>Resource Files\Textures</Filter>
    </Image>
    <Image Include="resources\textures\tex.png">
      <Filter>Resource Files\Textures</Filter>
    </Image>
    <Image Include="resources\textures\flr.png">
      <Filter>Resource Files\Textures</Filter>
    </Image>
    <Image Include="resources\textures\spd.png">
      <Filter>Resource Files\Textures</Filter>
    </Image>
    <Image Include="resources\textures\tile.png">
      <Filter>Resource Files\Textures</Filter>
    </Image>
    <Image Include="resources\textures\tile_spc.png">
      <Filter>Resource Files\Textures</Filter>
    </Image>
  </ItemGroup>
  <ItemGroup>
    <None Include="resources\shaders\shadow.vert">
      <Filter>Resource Files\Shadow shaders</Filter>
    </None>
    <None Include="resources\shaders\shadow.frag">
      <Filter>Resource Files\Shadow shaders</Filter>
    </None>
    <None Include="resources\shaders\shadow.geom">
      <Filter>Resource Files\Shadow shaders</Filter>
    </None>
    <None Include="resources\shaders\default.frag">
      <Filter>Resource Files\Object shaders</Filter>
    </None>
    <None Include="resources\shaders\default.vert">
      <Filter>Resource Files\Object shaders</Filter>
    </None>
    <None Include="resources\shaders\object.frag">
      <Filter>Resource Files\Object shaders</Filter>
    </None>
    <None Include="resources\shaders\object.vert">
      <Filter>Resource Files\Object shaders</Filter>
    </None>
  </ItemGroup>
</Project>