<?xml version="1.0" encoding="utf-8"?>
<Project ToolsVersion="4.0" xmlns="http://schemas.microsoft.com/developer/msbuild/2003">
  <ItemGroup>
    <Filter Include="Source Files">
      <UniqueIdentifier>{4FC737F1-C7A5-4376-A066-2A32D752A2FF}</UniqueIdentifier>
      <Extensions>cpp;c;cc;cxx;def;odl;idl;hpj;bat;asm;asmx</Extensions>
    </Filter>
    <Filter Include="Resource Files">
      <UniqueIdentifier>{67DA6AB6-F800-4c08-8B7A-83BB121AAD01}</UniqueIdentifier>
      <Extensions>rc;ico;cur;bmp;dlg;rc2;rct;bin;rgs;gif;jpg;jpeg;jpe;resx;tiff;tif;png;wav;mfcribbon-ms</Extensions>
    </Filter>
    <Filter Include="Resource Files\Object shaders">
      <UniqueIdentifier>{9a9c9cff-e5c0-4840-8f12-acedd954ff95}</UniqueIdentifier>
    </Filter>
    <Filter Include="Resource Files\Shadow shaders">
      <UniqueIdentifier>{4c3d92b4-e4d9-4129-b6e0-b6941e40f811}</UniqueIdentifier>
    </Filter>
    <Filter Include="Resource Files\Textures">
      <UniqueIdentifier>{aaca78b8-f4e4-420a-861d-683afb067b22}</UniqueIdentifier>
    </Filter>
    <Filter Include="Source Files\Engine">
      <UniqueIdentifier>{fd67eeef-7359-4906-aeec-a45f542b7659}</UniqueIdentifier>
    </Filter>
    <Filter Include="Source Files\Engine\Headers">
      <UniqueIdentifier>{d3b479cd-fce9-4ea1-abb0-e037ab36f15f}</UniqueIdentifier>
    </Filter>
    <Filter Include="Source Files\Engine\Sources">
      <UniqueIdentifier>{fa583eb6-f956-4b77-9cda-dccffd721842}</UniqueIdentifier>
    </Filter>
    <Filter Include="Source Files\World">
      <UniqueIdentifier>{9a33f4b7-f190-460e-a393-b68102af6ae1}</UniqueIdentifier>
    </Filter>
    <Filter Include="Source Files\World\Headers">
      <UniqueIdentifier>{176b82a5-4cb8-4448-8e58-bf01f140387b}</UniqueIdentifier>
    </Filter>
    <Filter Include="Source Files\World\Sources">
      <UniqueIdentifier>{a8c95ac8-b65a-4b35-bc8e-805ff44b4b19}</UniqueIdentifier>
    </Filter>
    <Filter Include="Source Files\Utils">
      <UniqueIdentifier>{e0f8913e-65b1-421e-bdff-a413999434a0}</UniqueIdentifier>
    </Filter>
    <Filter Include="Source Files\Engine\Vendor">
      <UniqueIdentifier>{0fdf4172-63b9-4ac8-9a4f-54c42e450064}</UniqueIdentifier>
    </Filter>
    <Filter Include="Source Files\Scene">
      <UniqueIdentifier>{876995fb-efff-473d-a6cb-13898a487cea}</UniqueIdentifier>
    </Filter>
    <Filter Include="Source Files\Scene\Headers">
      <UniqueIdentifier>{564e6561-2f77-40d1-9c62-4d27923966a3}</UniqueIdentifier>
    </Filter>
    <Filter Include="Source Files\Scene\Sources">
      <UniqueIdentifier>{a6d6da21-d1b2-442b-a0fd-4655d31dfa6b}</UniqueIdentifier>
    </Filter>
    <Filter Include="Source Files\Engine\Buffers">
      <UniqueIdentifier>{678f64ae-a5f4-4098-bc7e-0179005f986f}</UniqueIdentifier>
    </Filter>
    <Filter Include="Source Files\Engine\Core">
      <UniqueIdentifier>{3495e0ac-2af8-4afd-a813-df5a2f147af6}</UniqueIdentifier>
    </Filter>
    <Filter Include="Source Files\Engine\Buffers\Data">
      <UniqueIdentifier>{fad89b16-1eb1-4edc-851b-077a1fad2983}</UniqueIdentifier>
    </Filter>
    <Filter Include="Source Files\Engine\Buffers\Uniforms">
      <UniqueIdentifier>{6dd2cee8-0372-4c81-ae56-2eab24ca36bd}</UniqueIdentifier>
    </Filter>
    <Filter Include="Source Files\Engine\Buffers\Framebuffers">
      <UniqueIdentifier>{f8db5371-ea88-4e2f-ab2c-53a11cc8af5b}</UniqueIdentifier>
    </Filter>
    <Filter Include="Source Files\Engine\Buffers\Textures">
      <UniqueIdentifier>{e9bc0b6c-2f84-466f-a735-68531abfe808}</UniqueIdentifier>
    </Filter>
  </ItemGroup>
  <ItemGroup>
    <ClCompile Include="vendor\stb_image.cpp">
      <Filter>Source Files\Engine\Vendor</Filter>
    </ClCompile>
    <ClCompile Include="Source.cpp">
      <Filter>Source Files</Filter>
    </ClCompile>
    <ClCompile Include="Camera.cpp">
      <Filter>Source Files\World\Sources</Filter>
    </ClCompile>
    <ClCompile Include="Renderer.cpp">
      <Filter>Source Files\Engine\Sources</Filter>
    </ClCompile>
    <ClCompile Include="YGenerator.cpp">
      <Filter>Source Files\World\Sources</Filter>
    </ClCompile>
    <ClCompile Include="Model.cpp">
      <Filter>Source Files\Scene\Sources</Filter>
    </ClCompile>
    <ClCompile Include="Mesh.cpp">
      <Filter>Source Files\Scene\Sources</Filter>
    </ClCompile>
    <ClCompile Include="Object.cpp">
      <Filter>Source Files\Scene\Sources</Filter>
    </ClCompile>
    <ClCompile Include="Scene.cpp">
      <Filter>Source Files\Scene\Sources</Filter>
    </ClCompile>
    <ClCompile Include="Light.cpp">
      <Filter>Source Files\Scene\Sources</Filter>
    </ClCompile>
    <ClCompile Include="SpatialObject.cpp">
      <Filter>Source Files\Scene\Sources</Filter>
    </ClCompile>
    <ClCompile Include="TransformableObject.cpp">
      <Filter>Source Files\Scene\Sources</Filter>
    </ClCompile>
    <ClCompile Include="Input.cpp">
      <Filter>Source Files\Utils</Filter>
    </ClCompile>
    <ClCompile Include="Window.cpp">
      <Filter>Source Files\Engine\Core</Filter>
    </ClCompile>
    <ClCompile Include="Buffer.cpp">
      <Filter>Source Files\Engine\Buffers</Filter>
    </ClCompile>
    <ClCompile Include="VertexBuffer.cpp">
      <Filter>Source Files\Engine\Buffers\Data</Filter>
    </ClCompile>
    <ClCompile Include="IndexBuffer.cpp">
      <Filter>Source Files\Engine\Buffers\Data</Filter>
    </ClCompile>
    <ClCompile Include="VertexArray.cpp">
      <Filter>Source Files\Engine\Buffers\Data</Filter>
    </ClCompile>
    <ClCompile Include="UniformBuffer.cpp">
      <Filter>Source Files\Engine\Buffers\Uniforms</Filter>
    </ClCompile>
    <ClCompile Include="Framebuffer3D.cpp">
      <Filter>Source Files\Engine\Buffers\Framebuffers</Filter>
    </ClCompile>
    <ClCompile Include="Framebuffer.cpp">
      <Filter>Source Files\Engine\Buffers\Framebuffers</Filter>
    </ClCompile>
    <ClCompile Include="Texture.cpp">
      <Filter>Source Files\Engine\Buffers\Textures</Filter>
    </ClCompile>
    <ClCompile Include="Program.cpp">
      <Filter>Source Files\Engine\Core</Filter>
    </ClCompile>
  </ItemGroup>
  <ItemGroup>
    <ClInclude Include="vendor\stb_image.h">
      <Filter>Source Files\Engine\Vendor</Filter>
    </ClInclude>
    <ClInclude Include="Application.h">
      <Filter>Source Files</Filter>
    </ClInclude>
    <ClInclude Include="gtype.h">
      <Filter>Source Files\Utils</Filter>
    </ClInclude>
    <ClInclude Include="Input.h">
      <Filter>Source Files\Utils</Filter>
    </ClInclude>
    <ClInclude Include="Renderer.h">
      <Filter>Source Files\Engine\Headers</Filter>
    </ClInclude>
    <ClInclude Include="Camera.h">
      <Filter>Source Files\World\Headers</Filter>
    </ClInclude>
    <ClInclude Include="YGenerator.h">
      <Filter>Source Files\World\Headers</Filter>
    </ClInclude>
    <ClInclude Include="Mesh.h">
      <Filter>Source Files\Scene\Headers</Filter>
    </ClInclude>
    <ClInclude Include="Model.h">
      <Filter>Source Files\Scene\Headers</Filter>
    </ClInclude>
    <ClInclude Include="Light.h">
      <Filter>Source Files\Scene\Headers</Filter>
    </ClInclude>
    <ClInclude Include="Scene.h">
      <Filter>Source Files\Scene\Headers</Filter>
    </ClInclude>
    <ClInclude Include="Object.h">
      <Filter>Source Files\Scene\Headers</Filter>
    </ClInclude>
    <ClInclude Include="SpatialObject.h">
      <Filter>Source Files\Scene\Headers</Filter>
    </ClInclude>
    <ClInclude Include="TransformableObject.h">
      <Filter>Source Files\Scene\Headers</Filter>
    </ClInclude>
    <ClInclude Include="Skybox.h">
      <Filter>Source Files\Scene\Headers</Filter>
    </ClInclude>
    <ClInclude Include="ModelLoader.h">
      <Filter>Source Files\Scene\Headers</Filter>
    </ClInclude>
    <ClInclude Include="Window.h">
      <Filter>Source Files\Engine\Core</Filter>
    </ClInclude>
    <ClInclude Include="Buffer.h">
      <Filter>Source Files\Engine\Buffers</Filter>
    </ClInclude>
    <ClInclude Include="VertexBuffer.h">
      <Filter>Source Files\Engine\Buffers\Data</Filter>
    </ClInclude>
    <ClInclude Include="IndexBuffer.h">
      <Filter>Source Files\Engine\Buffers\Data</Filter>
    </ClInclude>
    <ClInclude Include="VertexArray.h">
      <Filter>Source Files\Engine\Buffers\Data</Filter>
    </ClInclude>
    <ClInclude Include="UniformBuffer.h">
      <Filter>Source Files\Engine\Buffers\Uniforms</Filter>
    </ClInclude>
    <ClInclude Include="Framebuffer3D.h">
      <Filter>Source Files\Engine\Buffers\Framebuffers</Filter>
    </ClInclude>
    <ClInclude Include="Framebuffer.h">
      <Filter>Source Files\Engine\Buffers\Framebuffers</Filter>
    </ClInclude>
    <ClInclude Include="Texture.h">
      <Filter>Source Files\Engine\Buffers\Textures</Filter>
    </ClInclude>
    <ClInclude Include="Program.h">
      <Filter>Source Files\Engine\Core</Filter>
    </ClInclude>
  </ItemGroup>
  <ItemGroup>
    <Image Include="resources\textures\spc.png">
      <Filter>Resource Files\Textures</Filter>
    </Image>
    <Image Include="resources\textures\tex.png">
      <Filter>Resource Files\Textures</Filter>
    </Image>
    <Image Include="resources\textures\tile.png">
      <Filter>Resource Files\Textures</Filter>
    </Image>
    <Image Include="resources\textures\tile_spc.png">
      <Filter>Resource Files\Textures</Filter>
    </Image>
    <Image Include="resources\textures\grass.png">
      <Filter>Resource Files\Textures</Filter>
    </Image>
    <Image Include="resources\textures\grass_spc.png">
      <Filter>Resource Files\Textures</Filter>
    </Image>
  </ItemGroup>
  <ItemGroup>
    <None Include="resources\shaders\shadow.vert">
      <Filter>Resource Files\Shadow shaders</Filter>
    </None>
    <None Include="resources\shaders\shadow.frag">
      <Filter>Resource Files\Shadow shaders</Filter>
    </None>
    <None Include="resources\shaders\shadow.geom">
      <Filter>Resource Files\Shadow shaders</Filter>
    </None>
    <None Include="resources\shaders\default.frag">
      <Filter>Resource Files\Object shaders</Filter>
    </None>
    <None Include="resources\shaders\default.vert">
      <Filter>Resource Files\Object shaders</Filter>
    </None>
    <None Include="resources\shaders\object.frag">
      <Filter>Resource Files\Object shaders</Filter>
    </None>
    <None Include="resources\shaders\object.vert">
      <Filter>Resource Files\Object shaders</Filter>
    </None>
    <None Include="resources\shaders\skybox.frag">
      <Filter>Resource Files\Object shaders</Filter>
    </None>
    <None Include="resources\shaders\skybox.vert">
      <Filter>Resource Files\Object shaders</Filter>
    </None>
    <None Include="resources\shaders\library.glsl">
      <Filter>Resource Files\Object shaders</Filter>
    </None>
  </ItemGroup>
</Project>