<?xml version="1.0" encoding="utf-8"?>
<Project ToolsVersion="4.0" xmlns="http://schemas.microsoft.com/developer/msbuild/2003">
  <ItemGroup>
    <Filter Include="Source Files">
      <UniqueIdentifier>{4FC737F1-C7A5-4376-A066-2A32D752A2FF}</UniqueIdentifier>
      <Extensions>cpp;c;cc;cxx;def;odl;idl;hpj;bat;asm;asmx</Extensions>
    </Filter>
    <Filter Include="Resource Files">
      <UniqueIdentifier>{67DA6AB6-F800-4c08-8B7A-83BB121AAD01}</UniqueIdentifier>
      <Extensions>rc;ico;cur;bmp;dlg;rc2;rct;bin;rgs;gif;jpg;jpeg;jpe;resx;tiff;tif;png;wav;mfcribbon-ms</Extensions>
    </Filter>
    <Filter Include="Resource Files\Object shaders">
      <UniqueIdentifier>{9a9c9cff-e5c0-4840-8f12-acedd954ff95}</UniqueIdentifier>
    </Filter>
    <Filter Include="Resource Files\Shadow shaders">
      <UniqueIdentifier>{4c3d92b4-e4d9-4129-b6e0-b6941e40f811}</UniqueIdentifier>
    </Filter>
    <Filter Include="Source Files\Engine">
      <UniqueIdentifier>{fd67eeef-7359-4906-aeec-a45f542b7659}</UniqueIdentifier>
    </Filter>
    <Filter Include="Source Files\Engine\Vendor">
      <UniqueIdentifier>{0fdf4172-63b9-4ac8-9a4f-54c42e450064}</UniqueIdentifier>
    </Filter>
    <Filter Include="Source Files\Scene">
      <UniqueIdentifier>{876995fb-efff-473d-a6cb-13898a487cea}</UniqueIdentifier>
    </Filter>
    <Filter Include="Source Files\Scene\Headers">
      <UniqueIdentifier>{564e6561-2f77-40d1-9c62-4d27923966a3}</UniqueIdentifier>
    </Filter>
    <Filter Include="Source Files\Scene\Sources">
      <UniqueIdentifier>{a6d6da21-d1b2-442b-a0fd-4655d31dfa6b}</UniqueIdentifier>
    </Filter>
    <Filter Include="Source Files\Engine\Core">
      <UniqueIdentifier>{3893ce0c-447d-4ba5-9230-6ea944e6cd07}</UniqueIdentifier>
    </Filter>
    <Filter Include="Source Files\Engine\Event">
      <UniqueIdentifier>{2683b0d0-8bf1-4b25-aa46-e332c4e5bd65}</UniqueIdentifier>
    </Filter>
    <Filter Include="Source Files\Engine\Interface">
      <UniqueIdentifier>{ce2039d5-3e2a-4866-8787-8f8ee3723dac}</UniqueIdentifier>
    </Filter>
    <Filter Include="Source Files\Engine\Buffer">
      <UniqueIdentifier>{13276570-c6b0-47f9-8081-2ac4d46bedb4}</UniqueIdentifier>
    </Filter>
    <Filter Include="Source Files\Engine\Texture">
      <UniqueIdentifier>{3e20c7a8-679c-49cf-b38b-de721c5129fe}</UniqueIdentifier>
    </Filter>
    <Filter Include="Resource Files\Deferred shaders">
      <UniqueIdentifier>{da5cc260-9352-4fcd-a59d-5622dd7eb6ba}</UniqueIdentifier>
    </Filter>
    <Filter Include="Source Files\Scene\View">
      <UniqueIdentifier>{f2b266ff-31b2-4a24-96c0-69f61939496a}</UniqueIdentifier>
    </Filter>
    <Filter Include="Source Files\Engine\Program">
      <UniqueIdentifier>{8df9f57c-7bf1-416d-900e-bdf006536adf}</UniqueIdentifier>
    </Filter>
    <Filter Include="Source Files\Engine\Buffer\Data">
      <UniqueIdentifier>{93df8b95-54c4-4a18-9dca-c74fe888e7c8}</UniqueIdentifier>
    </Filter>
    <Filter Include="Source Files\Engine\Buffer\Frame">
      <UniqueIdentifier>{0e777f6f-dad6-4a8f-9ee9-4c529a23c340}</UniqueIdentifier>
    </Filter>
    <Filter Include="Source Files\Engine\Buffer\Ext">
      <UniqueIdentifier>{1e36e251-097d-422f-a3a4-4397218472bf}</UniqueIdentifier>
    </Filter>
    <Filter Include="Source Files\Scene\Model">
      <UniqueIdentifier>{16731ec6-f1e9-404d-98e8-ebb83729dad2}</UniqueIdentifier>
    </Filter>
  </ItemGroup>
  <ItemGroup>
    <ClCompile Include="vendor\stb_image.cpp">
      <Filter>Source Files\Engine\Vendor</Filter>
    </ClCompile>
    <ClCompile Include="Source.cpp">
      <Filter>Source Files</Filter>
    </ClCompile>
    <ClCompile Include="Model.cpp">
      <Filter>Source Files\Scene\Sources</Filter>
    </ClCompile>
    <ClCompile Include="Object.cpp">
      <Filter>Source Files\Scene\Sources</Filter>
    </ClCompile>
    <ClCompile Include="Light.cpp">
      <Filter>Source Files\Scene\Sources</Filter>
    </ClCompile>
    <ClCompile Include="SpatialObject.cpp">
      <Filter>Source Files\Scene\Sources</Filter>
    </ClCompile>
    <ClCompile Include="TransformableObject.cpp">
      <Filter>Source Files\Scene\Sources</Filter>
    </ClCompile>
    <ClCompile Include="WindowEvent.cpp">
      <Filter>Source Files\Engine\Event</Filter>
    </ClCompile>
    <ClCompile Include="InputManager.cpp">
      <Filter>Source Files\Engine\Interface</Filter>
    </ClCompile>
    <ClCompile Include="Window.cpp">
      <Filter>Source Files\Engine\Core</Filter>
    </ClCompile>
    <ClCompile Include="Buffer.cpp">
      <Filter>Source Files\Engine\Buffer</Filter>
    </ClCompile>
    <ClCompile Include="Texture.cpp">
      <Filter>Source Files\Engine\Texture</Filter>
    </ClCompile>
    <ClCompile Include="Camera.cpp">
      <Filter>Source Files\Scene\View</Filter>
    </ClCompile>
    <ClCompile Include="Scene.cpp">
      <Filter>Source Files\Scene\View</Filter>
    </ClCompile>
    <ClCompile Include="WindowManager.cpp">
      <Filter>Source Files\Engine\Core</Filter>
    </ClCompile>
    <ClCompile Include="Renderer.cpp">
      <Filter>Source Files\Engine\Core</Filter>
    </ClCompile>
    <ClCompile Include="Program.cpp">
      <Filter>Source Files\Engine\Program</Filter>
    </ClCompile>
    <ClCompile Include="IndexBuffer.cpp">
      <Filter>Source Files\Engine\Buffer\Data</Filter>
    </ClCompile>
    <ClCompile Include="VertexArray.cpp">
      <Filter>Source Files\Engine\Buffer\Data</Filter>
    </ClCompile>
    <ClCompile Include="VertexBuffer.cpp">
      <Filter>Source Files\Engine\Buffer\Data</Filter>
    </ClCompile>
    <ClCompile Include="Framebuffer.cpp">
      <Filter>Source Files\Engine\Buffer\Frame</Filter>
    </ClCompile>
    <ClCompile Include="GBuffer.cpp">
      <Filter>Source Files\Engine\Buffer\Frame</Filter>
    </ClCompile>
    <ClCompile Include="UniformBuffer.cpp">
      <Filter>Source Files\Engine\Buffer\Ext</Filter>
    </ClCompile>
    <ClCompile Include="Mesh.cpp">
      <Filter>Source Files\Scene\Model</Filter>
    </ClCompile>
  </ItemGroup>
  <ItemGroup>
    <ClInclude Include="vendor\stb_image.h">
      <Filter>Source Files\Engine\Vendor</Filter>
    </ClInclude>
    <ClInclude Include="Application.h">
      <Filter>Source Files</Filter>
    </ClInclude>
    <ClInclude Include="Model.h">
      <Filter>Source Files\Scene\Headers</Filter>
    </ClInclude>
    <ClInclude Include="Light.h">
      <Filter>Source Files\Scene\Headers</Filter>
    </ClInclude>
    <ClInclude Include="Object.h">
      <Filter>Source Files\Scene\Headers</Filter>
    </ClInclude>
    <ClInclude Include="SpatialObject.h">
      <Filter>Source Files\Scene\Headers</Filter>
    </ClInclude>
    <ClInclude Include="TransformableObject.h">
      <Filter>Source Files\Scene\Headers</Filter>
    </ClInclude>
    <ClInclude Include="Skybox.h">
      <Filter>Source Files\Scene\Headers</Filter>
    </ClInclude>
    <ClInclude Include="WindowEvent.h">
      <Filter>Source Files\Engine\Event</Filter>
    </ClInclude>
    <ClInclude Include="InputManager.h">
      <Filter>Source Files\Engine\Interface</Filter>
    </ClInclude>
    <ClInclude Include="Window.h">
      <Filter>Source Files\Engine\Core</Filter>
    </ClInclude>
    <ClInclude Include="Buffer.h">
      <Filter>Source Files\Engine\Buffer</Filter>
    </ClInclude>
    <ClInclude Include="Texture.h">
      <Filter>Source Files\Engine\Texture</Filter>
    </ClInclude>
    <ClInclude Include="Camera.h">
      <Filter>Source Files\Scene\View</Filter>
    </ClInclude>
    <ClInclude Include="Scene.h">
      <Filter>Source Files\Scene\View</Filter>
    </ClInclude>
    <ClInclude Include="WindowManager.h">
      <Filter>Source Files\Engine\Core</Filter>
    </ClInclude>
    <ClInclude Include="Renderer.h">
      <Filter>Source Files\Engine\Core</Filter>
    </ClInclude>
    <ClInclude Include="ProgramAdapter.h">
      <Filter>Source Files\Engine\Program</Filter>
    </ClInclude>
    <ClInclude Include="Program.h">
      <Filter>Source Files\Engine\Program</Filter>
    </ClInclude>
    <ClInclude Include="IndexBuffer.h">
      <Filter>Source Files\Engine\Buffer\Data</Filter>
    </ClInclude>
    <ClInclude Include="VertexArray.h">
      <Filter>Source Files\Engine\Buffer\Data</Filter>
    </ClInclude>
    <ClInclude Include="VertexBuffer.h">
      <Filter>Source Files\Engine\Buffer\Data</Filter>
    </ClInclude>
    <ClInclude Include="Framebuffer.h">
      <Filter>Source Files\Engine\Buffer\Frame</Filter>
    </ClInclude>
    <ClInclude Include="GBuffer.h">
      <Filter>Source Files\Engine\Buffer\Frame</Filter>
    </ClInclude>
    <ClInclude Include="UniformBuffer.h">
      <Filter>Source Files\Engine\Buffer\Ext</Filter>
    </ClInclude>
    <ClInclude Include="Mesh.h">
      <Filter>Source Files\Scene\Model</Filter>
    </ClInclude>
    <ClInclude Include="Constants.h">
      <Filter>Source Files</Filter>
    </ClInclude>
  </ItemGroup>
  <ItemGroup>
    <None Include="resources\shaders\default.frag">
      <Filter>Resource Files\Object shaders</Filter>
    </None>
    <None Include="resources\shaders\default.vert">
      <Filter>Resource Files\Object shaders</Filter>
    </None>
    <None Include="resources\shaders\object.frag">
      <Filter>Resource Files\Object shaders</Filter>
    </None>
    <None Include="resources\shaders\object.vert">
      <Filter>Resource Files\Object shaders</Filter>
    </None>
    <None Include="resources\shaders\skybox.frag">
      <Filter>Resource Files\Object shaders</Filter>
    </None>
    <None Include="resources\shaders\skybox.vert">
      <Filter>Resource Files\Object shaders</Filter>
    </None>
    <None Include="resources\shaders\library.glsl">
      <Filter>Resource Files\Object shaders</Filter>
    </None>
    <None Include="light.vert">
      <Filter>Resource Files\Deferred shaders</Filter>
    </None>
    <None Include="geom.vert">
      <Filter>Resource Files\Deferred shaders</Filter>
    </None>
    <None Include="geom.frag">
      <Filter>Resource Files\Deferred shaders</Filter>
    </None>
    <None Include="light.frag">
      <Filter>Resource Files\Deferred shaders</Filter>
    </None>
    <None Include="shadow.frag">
      <Filter>Resource Files\Shadow shaders</Filter>
    </None>
    <None Include="shadow.geom">
      <Filter>Resource Files\Shadow shaders</Filter>
    </None>
    <None Include="shadow.vert">
      <Filter>Resource Files\Shadow shaders</Filter>
    </None>
  </ItemGroup>
</Project>